
Microsoft Visual Studio Solution File, Format Version 12.00
# Visual Studio Version 17
VisualStudioVersion = 17.11.35303.130
MinimumVisualStudioVersion = 10.0.40219.1
Project("{F184B08F-C81C-45F6-A57F-5ABD9991F28F}") = "HUWAEI", "HUWAEI.vbproj", "{3D4781FC-5292-4E70-A273-7917F9DB4826}"
EndProject
Global
	GlobalSection(SolutionConfigurationPlatforms) = preSolution
		Debug|Any CPU = Debug|Any CPU
		Release|Any CPU = Release|Any CPU
	EndGlobalSection
	GlobalSection(ProjectConfigurationPlatforms) = postSolution
		{3D4781FC-5292-4E70-A273-7917F9DB4826}.Debug|Any CPU.ActiveCfg = Debug|Any CPU
		{3D4781FC-5292-4E70-A273-7917F9DB4826}.Debug|Any CPU.Build.0 = Debug|Any CPU
		{3D4781FC-5292-4E70-A273-7917F9DB4826}.Release|Any CPU.ActiveCfg = Release|Any CPU
		{3D4781FC-5292-4E70-A273-7917F9DB4826}.Release|Any CPU.Build.0 = Release|Any CPU
	EndGlobalSection
	GlobalSection(SolutionProperties) = preSolution
		HideSolutionNode = FALSE
	EndGlobalSection
	GlobalSection(ExtensibilityGlobals) = postSolution
		SolutionGuid = {EF701CF4-26EB-4DB1-B706-86E1D74B566D}
	EndGlobalSection
EndGlobal
